PODS:
  - AWSAuthCore (2.12.1):
    - AWSCore (= 2.12.1)
  - AWSAuthUI (2.12.1):
    - AWSAuthCore (= 2.12.1)
    - AWSCore (= 2.12.1)
  - AWSCognitoIdentityProvider (2.12.1):
    - AWSCognitoIdentityProviderASF (= 1.0.1)
    - AWSCore (= 2.12.1)
  - AWSCognitoIdentityProviderASF (1.0.1)
  - AWSCore (2.12.1)
  - AWSMobileClient (2.12.1):
    - AWSAuthCore (= 2.12.1)
    - AWSCognitoIdentityProvider (= 2.12.1)
  - AWSUserPoolsSignIn (2.12.1):
    - AWSAuthCore (= 2.12.1)
    - AWSCognitoIdentityProvider (= 2.12.1)

DEPENDENCIES:
  - AWSAuthUI (~> 2.12.0)
  - AWSMobileClient (~> 2.12.0)
  - AWSUserPoolsSignIn (~> 2.12.0)

SPEC REPOS:
  trunk:
    - AWSAuthCore
    - AWSAuthUI
    - AWSCognitoIdentityProvider
    - AWSCognitoIdentityProviderASF
    - AWSCore
    - AWSMobileClient
    - AWSUserPoolsSignIn

SPEC CHECKSUMS:
  AWSAuthCore: fa908a4df2feb3c978dfabb9a0927dffc69b112d
  AWSAuthUI: 8255ccc55b4f268326c6013a532442fee86691ae
  AWSCognitoIdentityProvider: 4b453fa8ae677dd9646fe5cb137b520105f33d08
  AWSCognitoIdentityProviderASF: f94f1a502e72ef3d0a1de93e10bf7a79c8698118
  AWSCore: 0a4431f74d9dbf084d420b887a6a21042b423c5c
  AWSMobileClient: b178cd21ba500030e727c6afcc00dda438b1fecd
  AWSUserPoolsSignIn: bdf072cb106595dd23b9b957f52ac7628ee94cdd

PODFILE CHECKSUM: 8dc32192e3e7c79aa6578727058d9546d744bcd5

COCOAPODS: 1.8.4
