PODS:
  - AWSAppSync (2.15.0):
    - AWSCore (~> 2.12.0)
    - ReachabilitySwift (~> 4.3.1)
    - SQLite.swift (~> 0.12.2)
  - AWSAuthCore (2.12.1):
    - AWSCore (= 2.12.1)
  - AWSAuthUI (2.12.1):
    - AWSAuthCore (= 2.12.1)
    - AWSCore (= 2.12.1)
  - AWSCognitoIdentityProvider (2.12.1):
    - AWSCognitoIdentityProviderASF (= 1.0.1)
    - AWSCore (= 2.12.1)
  - AWSCognitoIdentityProviderASF (1.0.1)
  - AWSCore (2.12.1)
  - AWSMobileClient (2.12.1):
    - AWSAuthCore (= 2.12.1)
    - AWSCognitoIdentityProvider (= 2.12.1)
  - AWSUserPoolsSignIn (2.12.1):
    - AWSAuthCore (= 2.12.1)
    - AWSCognitoIdentityProvider (= 2.12.1)
  - ReachabilitySwift (4.3.1)
  - SQLite.swift (0.12.2):
    - SQLite.swift/standard (= 0.12.2)
  - SQLite.swift/standard (0.12.2)

DEPENDENCIES:
  - AWSAppSync (~> 2.15.0)
  - AWSAuthUI (~> 2.12.0)
  - AWSMobileClient (~> 2.12.0)
  - AWSUserPoolsSignIn (~> 2.12.0)

SPEC REPOS:
  trunk:
    - AWSAppSync
    - AWSAuthCore
    - AWSAuthUI
    - AWSCognitoIdentityProvider
    - AWSCognitoIdentityProviderASF
    - AWSCore
    - AWSMobileClient
    - AWSUserPoolsSignIn
    - ReachabilitySwift
    - SQLite.swift

SPEC CHECKSUMS:
  AWSAppSync: 38d681c93c2909e7fb8d4e1d1f0e816684f9f64f
  AWSAuthCore: fa908a4df2feb3c978dfabb9a0927dffc69b112d
  AWSAuthUI: 8255ccc55b4f268326c6013a532442fee86691ae
  AWSCognitoIdentityProvider: 4b453fa8ae677dd9646fe5cb137b520105f33d08
  AWSCognitoIdentityProviderASF: f94f1a502e72ef3d0a1de93e10bf7a79c8698118
  AWSCore: 0a4431f74d9dbf084d420b887a6a21042b423c5c
  AWSMobileClient: b178cd21ba500030e727c6afcc00dda438b1fecd
  AWSUserPoolsSignIn: bdf072cb106595dd23b9b957f52ac7628ee94cdd
  ReachabilitySwift: 4032e2f59586e11e3b0ebe15b167abdd587a388b
  SQLite.swift: d2b4642190917051ce6bd1d49aab565fe794eea3

PODFILE CHECKSUM: 8ca04af49bee2e723627f6c24c72e50407eb3b34

COCOAPODS: 1.8.4
